
Microsoft Visual Studio Solution File, Format Version 12.00
# Visual Studio Version 16
VisualStudioVersion = 16.0.30907.101
MinimumVisualStudioVersion = 10.0.40219.1
Project("{FAE04EC0-301F-11D3-BF4B-00C04F79EFBC}") = "MultiLiga-IOP", "MultiLiga-IOP\MultiLiga-IOP.csproj", "{46DAA6F8-BFE8-4200-AA98-B89535ACFA20}"
EndProject
Global
	GlobalSection(SolutionConfigurationPlatforms) = preSolution
		Debug|Any CPU = Debug|Any CPU
		Release|Any CPU = Release|Any CPU
	EndGlobalSection
	GlobalSection(ProjectConfigurationPlatforms) = postSolution
		{46DAA6F8-BFE8-4200-AA98-B89535ACFA20}.Debug|Any CPU.ActiveCfg = Debug|Any CPU
		{46DAA6F8-BFE8-4200-AA98-B89535ACFA20}.Debug|Any CPU.Build.0 = Debug|Any CPU
		{46DAA6F8-BFE8-4200-AA98-B89535ACFA20}.Release|Any CPU.ActiveCfg = Release|Any CPU
		{46DAA6F8-BFE8-4200-AA98-B89535ACFA20}.Release|Any CPU.Build.0 = Release|Any CPU
	EndGlobalSection
	GlobalSection(SolutionProperties) = preSolution
		HideSolutionNode = FALSE
	EndGlobalSection
	GlobalSection(ExtensibilityGlobals) = postSolution
		SolutionGuid = {A6A73E68-37D4-4DB9-9F64-FF0D4E1670D5}
	EndGlobalSection
EndGlobal
